
Microsoft Visual Studio Solution File, Format Version 12.00
# Visual Studio 15
VisualStudioVersion = 15.0.27004.2006
MinimumVisualStudioVersion = 10.0.40219.1
Project("{9A19103F-16F7-4668-BE54-9A1E7A4F7556}") = "BittrexSharp", "BittrexSharp\BittrexSharp.csproj", "{465BCD7C-F7A1-44EC-988D-42700C990BC5}"
EndProject
Project("{9A19103F-16F7-4668-BE54-9A1E7A4F7556}") = "BittrexSharpTests", "BittrexSharpTests\BittrexSharpTests.csproj", "{BECC6E26-5CC8-4D99-B3AA-B60113F3EF09}"
EndProject
Project("{FAE04EC0-301F-11D3-BF4B-00C04F79EFBC}") = "BittrexUtilsConsole", "BittrexUtilsConsole\BittrexUtilsConsole.csproj", "{FB662564-992D-4CD0-86EB-C1522479FBB7}"
EndProject
Global
	GlobalSection(SolutionConfigurationPlatforms) = preSolution
		Debug|Any CPU = Debug|Any CPU
		Release|Any CPU = Release|Any CPU
	EndGlobalSection
	GlobalSection(ProjectConfigurationPlatforms) = postSolution
		{465BCD7C-F7A1-44EC-988D-42700C990BC5}.Debug|Any CPU.ActiveCfg = Debug|Any CPU
		{465BCD7C-F7A1-44EC-988D-42700C990BC5}.Debug|Any CPU.Build.0 = Debug|Any CPU
		{465BCD7C-F7A1-44EC-988D-42700C990BC5}.Release|Any CPU.ActiveCfg = Release|Any CPU
		{465BCD7C-F7A1-44EC-988D-42700C990BC5}.Release|Any CPU.Build.0 = Release|Any CPU
		{BECC6E26-5CC8-4D99-B3AA-B60113F3EF09}.Debug|Any CPU.ActiveCfg = Debug|Any CPU
		{BECC6E26-5CC8-4D99-B3AA-B60113F3EF09}.Debug|Any CPU.Build.0 = Debug|Any CPU
		{BECC6E26-5CC8-4D99-B3AA-B60113F3EF09}.Release|Any CPU.ActiveCfg = Release|Any CPU
		{BECC6E26-5CC8-4D99-B3AA-B60113F3EF09}.Release|Any CPU.Build.0 = Release|Any CPU
		{FB662564-992D-4CD0-86EB-C1522479FBB7}.Debug|Any CPU.ActiveCfg = Debug|Any CPU
		{FB662564-992D-4CD0-86EB-C1522479FBB7}.Debug|Any CPU.Build.0 = Debug|Any CPU
		{FB662564-992D-4CD0-86EB-C1522479FBB7}.Release|Any CPU.ActiveCfg = Release|Any CPU
		{FB662564-992D-4CD0-86EB-C1522479FBB7}.Release|Any CPU.Build.0 = Release|Any CPU
	EndGlobalSection
	GlobalSection(SolutionProperties) = preSolution
		HideSolutionNode = FALSE
	EndGlobalSection
	GlobalSection(ExtensibilityGlobals) = postSolution
		SolutionGuid = {75E8B355-C5EC-41E1-A077-3C0DDA99EEB6}
	EndGlobalSection
EndGlobal
